
Microsoft Visual Studio Solution File, Format Version 12.00
# Visual Studio Version 17
VisualStudioVersion = 17.0.31903.59
MinimumVisualStudioVersion = 10.0.40219.1
Project("{9A19103F-16F7-4668-BE54-9A1E7A4F7556}") = "Nursing.Core", "Nursing.Core\Nursing.Core.csproj", "{7AA913A8-BFE5-4CBD-878B-31C8D13E8890}"
EndProject
Project("{FAE04EC0-301F-11D3-BF4B-00C04F79EFBC}") = "Nursing.API", "Nursing.API\Nursing.API.csproj", "{CFF575CE-70C8-4EA5-A350-CE20355A0CBD}"
EndProject
Project("{FAE04EC0-301F-11D3-BF4B-00C04F79EFBC}") = "Nursing.Blazor", "Nursing.Blazor\Nursing.Blazor.csproj", "{11FAC116-3F08-4CC1-8EA1-E9B57296A866}"
EndProject
Project("{FAE04EC0-301F-11D3-BF4B-00C04F79EFBC}") = "Nursing.API.Tests", "Nursing.API.Tests\Nursing.API.Tests.csproj", "{83AC92A9-7229-4F97-98E8-410BE506D0A0}"
EndProject
Global
	GlobalSection(SolutionConfigurationPlatforms) = preSolution
		Debug|Any CPU = Debug|Any CPU
		Release|Any CPU = Release|Any CPU
	EndGlobalSection
	GlobalSection(ProjectConfigurationPlatforms) = postSolution
		{7AA913A8-BFE5-4CBD-878B-31C8D13E8890}.Debug|Any CPU.ActiveCfg = Debug|Any CPU
		{7AA913A8-BFE5-4CBD-878B-31C8D13E8890}.Debug|Any CPU.Build.0 = Debug|Any CPU
		{7AA913A8-BFE5-4CBD-878B-31C8D13E8890}.Release|Any CPU.ActiveCfg = Release|Any CPU
		{7AA913A8-BFE5-4CBD-878B-31C8D13E8890}.Release|Any CPU.Build.0 = Release|Any CPU
		{CFF575CE-70C8-4EA5-A350-CE20355A0CBD}.Debug|Any CPU.ActiveCfg = Debug|Any CPU
		{CFF575CE-70C8-4EA5-A350-CE20355A0CBD}.Debug|Any CPU.Build.0 = Debug|Any CPU
		{CFF575CE-70C8-4EA5-A350-CE20355A0CBD}.Release|Any CPU.ActiveCfg = Release|Any CPU
		{CFF575CE-70C8-4EA5-A350-CE20355A0CBD}.Release|Any CPU.Build.0 = Release|Any CPU
		{11FAC116-3F08-4CC1-8EA1-E9B57296A866}.Debug|Any CPU.ActiveCfg = Debug|Any CPU
		{11FAC116-3F08-4CC1-8EA1-E9B57296A866}.Debug|Any CPU.Build.0 = Debug|Any CPU
		{11FAC116-3F08-4CC1-8EA1-E9B57296A866}.Release|Any CPU.ActiveCfg = Release|Any CPU
		{11FAC116-3F08-4CC1-8EA1-E9B57296A866}.Release|Any CPU.Build.0 = Release|Any CPU
		{83AC92A9-7229-4F97-98E8-410BE506D0A0}.Debug|Any CPU.ActiveCfg = Debug|Any CPU
		{83AC92A9-7229-4F97-98E8-410BE506D0A0}.Debug|Any CPU.Build.0 = Debug|Any CPU
		{83AC92A9-7229-4F97-98E8-410BE506D0A0}.Release|Any CPU.ActiveCfg = Release|Any CPU
		{83AC92A9-7229-4F97-98E8-410BE506D0A0}.Release|Any CPU.Build.0 = Release|Any CPU
	EndGlobalSection
	GlobalSection(SolutionProperties) = preSolution
		HideSolutionNode = FALSE
	EndGlobalSection
	GlobalSection(ExtensibilityGlobals) = postSolution
		SolutionGuid = {6B315109-7A85-43F9-A343-F581B26D26D1}
	EndGlobalSection
EndGlobal
